
Microsoft Visual Studio Solution File, Format Version 12.00
# Visual Studio Version 17
VisualStudioVersion = 17.0.32112.339
MinimumVisualStudioVersion = 10.0.40219.1
Project("{FAE04EC0-301F-11D3-BF4B-00C04F79EFBC}") = "Tourist-Project", "Tourist-Project.csproj", "{EB395DCE-024A-4E6D-B45C-A5461913252A}"
EndProject
Global
	GlobalSection(SolutionConfigurationPlatforms) = preSolution
		Debug|Any CPU = Debug|Any CPU
		Release|Any CPU = Release|Any CPU
	EndGlobalSection
	GlobalSection(ProjectConfigurationPlatforms) = postSolution
		{EB395DCE-024A-4E6D-B45C-A5461913252A}.Debug|Any CPU.ActiveCfg = Debug|Any CPU
		{EB395DCE-024A-4E6D-B45C-A5461913252A}.Debug|Any CPU.Build.0 = Debug|Any CPU
		{EB395DCE-024A-4E6D-B45C-A5461913252A}.Release|Any CPU.ActiveCfg = Release|Any CPU
		{EB395DCE-024A-4E6D-B45C-A5461913252A}.Release|Any CPU.Build.0 = Release|Any CPU
	EndGlobalSection
	GlobalSection(SolutionProperties) = preSolution
		HideSolutionNode = FALSE
	EndGlobalSection
	GlobalSection(ExtensibilityGlobals) = postSolution
		SolutionGuid = {DF070EBA-DFAF-4BDA-B084-2A5BD8AE9E14}
	EndGlobalSection
EndGlobal
